
Microsoft Visual Studio Solution File, Format Version 12.00
# Visual Studio Version 16
VisualStudioVersion = 16.0.29102.190
MinimumVisualStudioVersion = 10.0.40219.1
Project("{FAE04EC0-301F-11D3-BF4B-00C04F79EFBC}") = "DockablePane", "DockablePane.csproj", "{DDDEC4DC-39BC-434C-8CA8-A63C2C304255}"
EndProject
Global
	GlobalSection(SolutionConfigurationPlatforms) = preSolution
		Debug|Any CPU = Debug|Any CPU
		Release|Any CPU = Release|Any CPU
	EndGlobalSection
	GlobalSection(ProjectConfigurationPlatforms) = postSolution
		{DDDEC4DC-39BC-434C-8CA8-A63C2C304255}.Debug|Any CPU.ActiveCfg = Debug|Any CPU
		{DDDEC4DC-39BC-434C-8CA8-A63C2C304255}.Debug|Any CPU.Build.0 = Debug|Any CPU
		{DDDEC4DC-39BC-434C-8CA8-A63C2C304255}.Release|Any CPU.ActiveCfg = Release|Any CPU
		{DDDEC4DC-39BC-434C-8CA8-A63C2C304255}.Release|Any CPU.Build.0 = Release|Any CPU
	EndGlobalSection
	GlobalSection(SolutionProperties) = preSolution
		HideSolutionNode = FALSE
	EndGlobalSection
	GlobalSection(ExtensibilityGlobals) = postSolution
		SolutionGuid = {055FCC92-1350-4C7E-8F51-D1FEBF098F08}
	EndGlobalSection
EndGlobal
